// !$*UTF8*$!
{
	archiveVersion = 1;
	classes = {
	};
	objectVersion = 56;
	objects = {

/* Begin PBXBuildFile section */
		1816532D2A19BAF900087953 /* UserView.swift in Sources */ = {isa = PBXBuildFile; fileRef = 1816532C2A19BAF900087953 /* UserView.swift */; };
		1816532F2A19BBA300087953 /* ExploreView.swift in Sources */ = {isa = PBXBuildFile; fileRef = 1816532E2A19BBA300087953 /* ExploreView.swift */; };
		181653312A19C00600087953 /* TweetRowView1.swift in Sources */ = {isa = PBXBuildFile; fileRef = 181653302A19C00600087953 /* TweetRowView1.swift */; };
		181653352A19C3E900087953 /* MapKitView.swift in Sources */ = {isa = PBXBuildFile; fileRef = 181653342A19C3E900087953 /* MapKitView.swift */; };
		181653372A19DAD000087953 /* TweetRowView2.swift in Sources */ = {isa = PBXBuildFile; fileRef = 181653362A19DAD000087953 /* TweetRowView2.swift */; };
		181653392A19DDE100087953 /* Maintenance.swift in Sources */ = {isa = PBXBuildFile; fileRef = 181653382A19DDE100087953 /* Maintenance.swift */; };
		1816533B2A19F7AF00087953 /* Assets.xcassets in Resources */ = {isa = PBXBuildFile; fileRef = 1816533A2A19F7AF00087953 /* Assets.xcassets */; };
		18EA3CCE2A18F3BA00CDBE90 /* LetView.swift in Sources */ = {isa = PBXBuildFile; fileRef = 18EA3CCD2A18F3BA00CDBE90 /* LetView.swift */; };
		18EA3CD12A190D9200CDBE90 /* YouTubePlayerKit in Frameworks */ = {isa = PBXBuildFile; productRef = 18EA3CD02A190D9200CDBE90 /* YouTubePlayerKit */; };
		18EA3CD32A190DD200CDBE90 /* YouTubeView.swift in Sources */ = {isa = PBXBuildFile; fileRef = 18EA3CD22A190DD200CDBE90 /* YouTubeView.swift */; };
		18EA3CD52A194F1100CDBE90 /* ProfileView.swift in Sources */ = {isa = PBXBuildFile; fileRef = 18EA3CD42A194F1100CDBE90 /* ProfileView.swift */; };
		18ECA92C2A18C9BF00299625 /* TwittrArbApp.swift in Sources */ = {isa = PBXBuildFile; fileRef = 18ECA92B2A18C9BF00299625 /* TwittrArbApp.swift */; };
		18ECA92E2A18C9BF00299625 /* LaunchScreen.swift in Sources */ = {isa = PBXBuildFile; fileRef = 18ECA92D2A18C9BF00299625 /* LaunchScreen.swift */; };
		18ECA9302A18C9C000299625 /* Assets.xcassets in Resources */ = {isa = PBXBuildFile; fileRef = 18ECA92F2A18C9C000299625 /* Assets.xcassets */; };
		18ECA9332A18C9C000299625 /* Preview Assets.xcassets in Resources */ = {isa = PBXBuildFile; fileRef = 18ECA9322A18C9C000299625 /* Preview Assets.xcassets */; };
		18ECA93A2A18CB2900299625 /* MainTabView.swift in Sources */ = {isa = PBXBuildFile; fileRef = 18ECA9392A18CB2900299625 /* MainTabView.swift */; };
		18ECA9422A18CEAF00299625 /* HomePagView.swift in Sources */ = {isa = PBXBuildFile; fileRef = 18ECA9412A18CEAF00299625 /* HomePagView.swift */; };
		18ECA9442A18D18300299625 /* TweetRowView.swift in Sources */ = {isa = PBXBuildFile; fileRef = 18ECA9432A18D18300299625 /* TweetRowView.swift */; };
/* End PBXBuildFile section */

/* Begin PBXFileReference section */
		1816532C2A19BAF900087953 /* UserView.swift */ = {isa = PBXFileReference; lastKnownFileType = sourcecode.swift; path = UserView.swift; sourceTree = "<group>"; };
		1816532E2A19BBA300087953 /* ExploreView.swift */ = {isa = PBXFileReference; lastKnownFileType = sourcecode.swift; path = ExploreView.swift; sourceTree = "<group>"; };
		181653302A19C00600087953 /* TweetRowView1.swift */ = {isa = PBXFileReference; lastKnownFileType = sourcecode.swift; path = TweetRowView1.swift; sourceTree = "<group>"; };
		181653342A19C3E900087953 /* MapKitView.swift */ = {isa = PBXFileReference; lastKnownFileType = sourcecode.swift; path = MapKitView.swift; sourceTree = "<group>"; };
		181653362A19DAD000087953 /* TweetRowView2.swift */ = {isa = PBXFileReference; lastKnownFileType = sourcecode.swift; path = TweetRowView2.swift; sourceTree = "<group>"; };
		181653382A19DDE100087953 /* Maintenance.swift */ = {isa = PBXFileReference; lastKnownFileType = sourcecode.swift; path = Maintenance.swift; sourceTree = "<group>"; };
		1816533A2A19F7AF00087953 /* Assets.xcassets */ = {isa = PBXFileReference; lastKnownFileType = folder.assetcatalog; name = Assets.xcassets; path = ../../../Downloads/AppIcons/Assets.xcassets; sourceTree = "<group>"; };
		18EA3CCD2A18F3BA00CDBE90 /* LetView.swift */ = {isa = PBXFileReference; lastKnownFileType = sourcecode.swift; path = LetView.swift; sourceTree = "<group>"; };
		18EA3CD22A190DD200CDBE90 /* YouTubeView.swift */ = {isa = PBXFileReference; lastKnownFileType = sourcecode.swift; path = YouTubeView.swift; sourceTree = "<group>"; };
		18EA3CD42A194F1100CDBE90 /* ProfileView.swift */ = {isa = PBXFileReference; lastKnownFileType = sourcecode.swift; path = ProfileView.swift; sourceTree = "<group>"; };
		18ECA9282A18C9BF00299625 /* TwittrArb.app */ = {isa = PBXFileReference; explicitFileType = wrapper.application; includeInIndex = 0; path = TwittrArb.app; sourceTree = BUILT_PRODUCTS_DIR; };
		18ECA92B2A18C9BF00299625 /* TwittrArbApp.swift */ = {isa = PBXFileReference; lastKnownFileType = sourcecode.swift; path = TwittrArbApp.swift; sourceTree = "<group>"; };
		18ECA92D2A18C9BF00299625 /* LaunchScreen.swift */ = {isa = PBXFileReference; lastKnownFileType = sourcecode.swift; path = LaunchScreen.swift; sourceTree = "<group>"; };
		18ECA92F2A18C9C000299625 /* Assets.xcassets */ = {isa = PBXFileReference; lastKnownFileType = folder.assetcatalog; path = Assets.xcassets; sourceTree = "<group>"; };
		18ECA9322A18C9C000299625 /* Preview Assets.xcassets */ = {isa = PBXFileReference; lastKnownFileType = folder.assetcatalog; path = "Preview Assets.xcassets"; sourceTree = "<group>"; };
		18ECA9392A18CB2900299625 /* MainTabView.swift */ = {isa = PBXFileReference; lastKnownFileType = sourcecode.swift; path = MainTabView.swift; sourceTree = "<group>"; };
		18ECA9412A18CEAF00299625 /* HomePagView.swift */ = {isa = PBXFileReference; lastKnownFileType = sourcecode.swift; path = HomePagView.swift; sourceTree = "<group>"; };
		18ECA9432A18D18300299625 /* TweetRowView.swift */ = {isa = PBXFileReference; lastKnownFileType = sourcecode.swift; path = TweetRowView.swift; sourceTree = "<group>"; };
/* End PBXFileReference section */

/* Begin PBXFrameworksBuildPhase section */
		18ECA9252A18C9BF00299625 /* Frameworks */ = {
			isa = PBXFrameworksBuildPhase;
			buildActionMask = 2147483647;
			files = (
				18EA3CD12A190D9200CDBE90 /* YouTubePlayerKit in Frameworks */,
			);
			runOnlyForDeploymentPostprocessing = 0;
		};
/* End PBXFrameworksBuildPhase section */

/* Begin PBXGroup section */
		18ECA91F2A18C9BF00299625 = {
			isa = PBXGroup;
			children = (
				18ECA92A2A18C9BF00299625 /* TwittrArb */,
				18ECA9292A18C9BF00299625 /* Products */,
			);
			sourceTree = "<group>";
		};
		18ECA9292A18C9BF00299625 /* Products */ = {
			isa = PBXGroup;
			children = (
				18ECA9282A18C9BF00299625 /* TwittrArb.app */,
			);
			name = Products;
			sourceTree = "<group>";
		};
		18ECA92A2A18C9BF00299625 /* TwittrArb */ = {
			isa = PBXGroup;
			children = (
				18ECA9402A18CD8A00299625 /* HomePag */,
				18ECA93E2A18CD7900299625 /* User */,
				18ECA93D2A18CD6A00299625 /* Profile */,
				18ECA93C2A18CD6500299625 /* MapKit */,
				18ECA93B2A18CB3300299625 /* MainTan */,
				18ECA92B2A18C9BF00299625 /* TwittrArbApp.swift */,
				18ECA92D2A18C9BF00299625 /* LaunchScreen.swift */,
				18ECA92F2A18C9C000299625 /* Assets.xcassets */,
				1816533A2A19F7AF00087953 /* Assets.xcassets */,
				18ECA9312A18C9C000299625 /* Preview Content */,
				18EA3CCD2A18F3BA00CDBE90 /* LetView.swift */,
				18EA3CD22A190DD200CDBE90 /* YouTubeView.swift */,
			);
			path = TwittrArb;
			sourceTree = "<group>";
		};
		18ECA9312A18C9C000299625 /* Preview Content */ = {
			isa = PBXGroup;
			children = (
				18ECA9322A18C9C000299625 /* Preview Assets.xcassets */,
			);
			path = "Preview Content";
			sourceTree = "<group>";
		};
		18ECA93B2A18CB3300299625 /* MainTan */ = {
			isa = PBXGroup;
			children = (
				18ECA9392A18CB2900299625 /* MainTabView.swift */,
			);
			path = MainTan;
			sourceTree = "<group>";
		};
		18ECA93C2A18CD6500299625 /* MapKit */ = {
			isa = PBXGroup;
			children = (
				181653342A19C3E900087953 /* MapKitView.swift */,
			);
			path = MapKit;
			sourceTree = "<group>";
		};
		18ECA93D2A18CD6A00299625 /* Profile */ = {
			isa = PBXGroup;
			children = (
				18EA3CD42A194F1100CDBE90 /* ProfileView.swift */,
				1816532C2A19BAF900087953 /* UserView.swift */,
				1816532E2A19BBA300087953 /* ExploreView.swift */,
			);
			path = Profile;
			sourceTree = "<group>";
		};
		18ECA93E2A18CD7900299625 /* User */ = {
			isa = PBXGroup;
			children = (
				18ECA9432A18D18300299625 /* TweetRowView.swift */,
				181653302A19C00600087953 /* TweetRowView1.swift */,
				181653362A19DAD000087953 /* TweetRowView2.swift */,
				181653382A19DDE100087953 /* Maintenance.swift */,
			);
			path = User;
			sourceTree = "<group>";
		};
		18ECA9402A18CD8A00299625 /* HomePag */ = {
			isa = PBXGroup;
			children = (
				18ECA9412A18CEAF00299625 /* HomePagView.swift */,
			);
			path = HomePag;
			sourceTree = "<group>";
		};
/* End PBXGroup section */

/* Begin PBXNativeTarget section */
		18ECA9272A18C9BF00299625 /* TwittrArb */ = {
			isa = PBXNativeTarget;
			buildConfigurationList = 18ECA9362A18C9C000299625 /* Build configuration list for PBXNativeTarget "TwittrArb" */;
			buildPhases = (
				18ECA9242A18C9BF00299625 /* Sources */,
				18ECA9252A18C9BF00299625 /* Frameworks */,
				18ECA9262A18C9BF00299625 /* Resources */,
			);
			buildRules = (
			);
			dependencies = (
			);
			name = TwittrArb;
			packageProductDependencies = (
				18EA3CD02A190D9200CDBE90 /* YouTubePlayerKit */,
			);
			productName = TwittrArb;
			productReference = 18ECA9282A18C9BF00299625 /* TwittrArb.app */;
			productType = "com.apple.product-type.application";
		};
/* End PBXNativeTarget section */

/* Begin PBXProject section */
		18ECA9202A18C9BF00299625 /* Project object */ = {
			isa = PBXProject;
			attributes = {
				BuildIndependentTargetsInParallel = 1;
				LastSwiftUpdateCheck = 1400;
				LastUpgradeCheck = 1400;
				TargetAttributes = {
					18ECA9272A18C9BF00299625 = {
						CreatedOnToolsVersion = 14.0.1;
					};
				};
			};
			buildConfigurationList = 18ECA9232A18C9BF00299625 /* Build configuration list for PBXProject "TwittrArb" */;
			compatibilityVersion = "Xcode 14.0";
			developmentRegion = en;
			hasScannedForEncodings = 0;
			knownRegions = (
				en,
				Base,
			);
			mainGroup = 18ECA91F2A18C9BF00299625;
			packageReferences = (
				18EA3CCF2A190D9200CDBE90 /* XCRemoteSwiftPackageReference "YouTubePlayerKit" */,
			);
			productRefGroup = 18ECA9292A18C9BF00299625 /* Products */;
			projectDirPath = "";
			projectRoot = "";
			targets = (
				18ECA9272A18C9BF00299625 /* TwittrArb */,
			);
		};
/* End PBXProject section */

/* Begin PBXResourcesBuildPhase section */
		18ECA9262A18C9BF00299625 /* Resources */ = {
			isa = PBXResourcesBuildPhase;
			buildActionMask = 2147483647;
			files = (
				18ECA9332A18C9C000299625 /* Preview Assets.xcassets in Resources */,
				1816533B2A19F7AF00087953 /* Assets.xcassets in Resources */,
				18ECA9302A18C9C000299625 /* Assets.xcassets in Resources */,
			);
			runOnlyForDeploymentPostprocessing = 0;
		};
/* End PBXResourcesBuildPhase section */

/* Begin PBXSourcesBuildPhase section */
		18ECA9242A18C9BF00299625 /* Sources */ = {
			isa = PBXSourcesBuildPhase;
			buildActionMask = 2147483647;
			files = (
				181653352A19C3E900087953 /* MapKitView.swift in Sources */,
				18EA3CD52A194F1100CDBE90 /* ProfileView.swift in Sources */,
				18EA3CCE2A18F3BA00CDBE90 /* LetView.swift in Sources */,
				18ECA9442A18D18300299625 /* TweetRowView.swift in Sources */,
				18EA3CD32A190DD200CDBE90 /* YouTubeView.swift in Sources */,
				1816532F2A19BBA300087953 /* ExploreView.swift in Sources */,
				18ECA92E2A18C9BF00299625 /* LaunchScreen.swift in Sources */,
				18ECA93A2A18CB2900299625 /* MainTabView.swift in Sources */,
				181653372A19DAD000087953 /* TweetRowView2.swift in Sources */,
				18ECA9422A18CEAF00299625 /* HomePagView.swift in Sources */,
				181653312A19C00600087953 /* TweetRowView1.swift in Sources */,
				181653392A19DDE100087953 /* Maintenance.swift in Sources */,
				1816532D2A19BAF900087953 /* UserView.swift in Sources */,
				18ECA92C2A18C9BF00299625 /* TwittrArbApp.swift in Sources */,
			);
			runOnlyForDeploymentPostprocessing = 0;
		};
/* End PBXSourcesBuildPhase section */

/* Begin XCBuildConfiguration section */
		18ECA9342A18C9C000299625 /* Debug */ = {
			isa = XCBuildConfiguration;
			buildSettings = {
				ALWAYS_SEARCH_USER_PATHS = NO;
				CLANG_ANALYZER_NONNULL = YES;
				CLANG_ANALYZER_NUMBER_OBJECT_CONVERSION = YES_AGGRESSIVE;
				CLANG_CXX_LANGUAGE_STANDARD = "gnu++20";
				CLANG_ENABLE_MODULES = YES;
				CLANG_ENABLE_OBJC_ARC = YES;
				CLANG_ENABLE_OBJC_WEAK = YES;
				CLANG_WARN_BLOCK_CAPTURE_AUTORELEASING = YES;
				CLANG_WARN_BOOL_CONVERSION = YES;
				CLANG_WARN_COMMA = YES;
				CLANG_WARN_CONSTANT_CONVERSION = YES;
				CLANG_WARN_DEPRECATED_OBJC_IMPLEMENTATIONS = YES;
				CLANG_WARN_DIRECT_OBJC_ISA_USAGE = YES_ERROR;
				CLANG_WARN_DOCUMENTATION_COMMENTS = YES;
				CLANG_WARN_EMPTY_BODY = YES;
				CLANG_WARN_ENUM_CONVERSION = YES;
				CLANG_WARN_INFINITE_RECURSION = YES;
				CLANG_WARN_INT_CONVERSION = YES;
				CLANG_WARN_NON_LITERAL_NULL_CONVERSION = YES;
				CLANG_WARN_OBJC_IMPLICIT_RETAIN_SELF = YES;
				CLANG_WARN_OBJC_LITERAL_CONVERSION = YES;
				CLANG_WARN_OBJC_ROOT_CLASS = YES_ERROR;
				CLANG_WARN_QUOTED_INCLUDE_IN_FRAMEWORK_HEADER = YES;
				CLANG_WARN_RANGE_LOOP_ANALYSIS = YES;
				CLANG_WARN_STRICT_PROTOTYPES = YES;
				CLANG_WARN_SUSPICIOUS_MOVE = YES;
				CLANG_WARN_UNGUARDED_AVAILABILITY = YES_AGGRESSIVE;
				CLANG_WARN_UNREACHABLE_CODE = YES;
				CLANG_WARN__DUPLICATE_METHOD_MATCH = YES;
				COPY_PHASE_STRIP = NO;
				DEBUG_INFORMATION_FORMAT = dwarf;
				ENABLE_STRICT_OBJC_MSGSEND = YES;
				ENABLE_TESTABILITY = YES;
				GCC_C_LANGUAGE_STANDARD = gnu11;
				GCC_DYNAMIC_NO_PIC = NO;
				GCC_NO_COMMON_BLOCKS = YES;
				GCC_OPTIMIZATION_LEVEL = 0;
				GCC_PREPROCESSOR_DEFINITIONS = (
					"DEBUG=1",
					"$(inherited)",
				);
				GCC_WARN_64_TO_32_BIT_CONVERSION = YES;
				GCC_WARN_ABOUT_RETURN_TYPE = YES_ERROR;
				GCC_WARN_UNDECLARED_SELECTOR = YES;
				GCC_WARN_UNINITIALIZED_AUTOS = YES_AGGRESSIVE;
				GCC_WARN_UNUSED_FUNCTION = YES;
				GCC_WARN_UNUSED_VARIABLE = YES;
				IPHONEOS_DEPLOYMENT_TARGET = 16.0;
				MTL_ENABLE_DEBUG_INFO = INCLUDE_SOURCE;
				MTL_FAST_MATH = YES;
				ONLY_ACTIVE_ARCH = YES;
				SDKROOT = iphoneos;
				SWIFT_ACTIVE_COMPILATION_CONDITIONS = DEBUG;
				SWIFT_OPTIMIZATION_LEVEL = "-Onone";
			};
			name = Debug;
		};
		18ECA9352A18C9C000299625 /* Release */ = {
			isa = XCBuildConfiguration;
			buildSettings = {
				ALWAYS_SEARCH_USER_PATHS = NO;
				CLANG_ANALYZER_NONNULL = YES;
				CLANG_ANALYZER_NUMBER_OBJECT_CONVERSION = YES_AGGRESSIVE;
				CLANG_CXX_LANGUAGE_STANDARD = "gnu++20";
				CLANG_ENABLE_MODULES = YES;
				CLANG_ENABLE_OBJC_ARC = YES;
				CLANG_ENABLE_OBJC_WEAK = YES;
				CLANG_WARN_BLOCK_CAPTURE_AUTORELEASING = YES;
				CLANG_WARN_BOOL_CONVERSION = YES;
				CLANG_WARN_COMMA = YES;
				CLANG_WARN_CONSTANT_CONVERSION = YES;
				CLANG_WARN_DEPRECATED_OBJC_IMPLEMENTATIONS = YES;
				CLANG_WARN_DIRECT_OBJC_ISA_USAGE = YES_ERROR;
				CLANG_WARN_DOCUMENTATION_COMMENTS = YES;
				CLANG_WARN_EMPTY_BODY = YES;
				CLANG_WARN_ENUM_CONVERSION = YES;
				CLANG_WARN_INFINITE_RECURSION = YES;
				CLANG_WARN_INT_CONVERSION = YES;
				CLANG_WARN_NON_LITERAL_NULL_CONVERSION = YES;
				CLANG_WARN_OBJC_IMPLICIT_RETAIN_SELF = YES;
				CLANG_WARN_OBJC_LITERAL_CONVERSION = YES;
				CLANG_WARN_OBJC_ROOT_CLASS = YES_ERROR;
				CLANG_WARN_QUOTED_INCLUDE_IN_FRAMEWORK_HEADER = YES;
				CLANG_WARN_RANGE_LOOP_ANALYSIS = YES;
				CLANG_WARN_STRICT_PROTOTYPES = YES;
				CLANG_WARN_SUSPICIOUS_MOVE = YES;
				CLANG_WARN_UNGUARDED_AVAILABILITY = YES_AGGRESSIVE;
				CLANG_WARN_UNREACHABLE_CODE = YES;
				CLANG_WARN__DUPLICATE_METHOD_MATCH = YES;
				COPY_PHASE_STRIP = NO;
				DEBUG_INFORMATION_FORMAT = "dwarf-with-dsym";
				ENABLE_NS_ASSERTIONS = NO;
				ENABLE_STRICT_OBJC_MSGSEND = YES;
				GCC_C_LANGUAGE_STANDARD = gnu11;
				GCC_NO_COMMON_BLOCKS = YES;
				GCC_WARN_64_TO_32_BIT_CONVERSION = YES;
				GCC_WARN_ABOUT_RETURN_TYPE = YES_ERROR;
				GCC_WARN_UNDECLARED_SELECTOR = YES;
				GCC_WARN_UNINITIALIZED_AUTOS = YES_AGGRESSIVE;
				GCC_WARN_UNUSED_FUNCTION = YES;
				GCC_WARN_UNUSED_VARIABLE = YES;
				IPHONEOS_DEPLOYMENT_TARGET = 16.0;
				MTL_ENABLE_DEBUG_INFO = NO;
				MTL_FAST_MATH = YES;
				SDKROOT = iphoneos;
				SWIFT_COMPILATION_MODE = wholemodule;
				SWIFT_OPTIMIZATION_LEVEL = "-O";
				VALIDATE_PRODUCT = YES;
			};
			name = Release;
		};
		18ECA9372A18C9C000299625 /* Debug */ = {
			isa = XCBuildConfiguration;
			buildSettings = {
				ASSETCATALOG_COMPILER_APPICON_NAME = AppIcon;
				ASSETCATALOG_COMPILER_GLOBAL_ACCENT_COLOR_NAME = AccentColor;
				CODE_SIGN_STYLE = Automatic;
				CURRENT_PROJECT_VERSION = 1;
				DEVELOPMENT_ASSET_PATHS = "\"TwittrArb/Preview Content\"";
				ENABLE_PREVIEWS = YES;
				GENERATE_INFOPLIST_FILE = YES;
				INFOPLIST_KEY_UIApplicationSceneManifest_Generation = YES;
				INFOPLIST_KEY_UIApplicationSupportsIndirectInputEvents = YES;
				INFOPLIST_KEY_UILaunchScreen_Generation = YES;
				INFOPLIST_KEY_UISupportedInterfaceOrientations_iPad = "UIInterfaceOrientationPortrait UIInterfaceOrientationPortraitUpsideDown UIInterfaceOrientationLandscapeLeft UIInterfaceOrientationLandscapeRight";
				INFOPLIST_KEY_UISupportedInterfaceOrientations_iPhone = "UIInterfaceOrientationPortrait UIInterfaceOrientationLandscapeLeft UIInterfaceOrientationLandscapeRight";
				IPHONEOS_DEPLOYMENT_TARGET = 16.4;
				LD_RUNPATH_SEARCH_PATHS = (
					"$(inherited)",
					"@executable_path/Frameworks",
				);
				MARKETING_VERSION = 1.0;
				PRODUCT_BUNDLE_IDENTIFIER = com.example.TwittrArb;
				PRODUCT_NAME = "$(TARGET_NAME)";
				SWIFT_EMIT_LOC_STRINGS = YES;
				SWIFT_VERSION = 5.0;
				TARGETED_DEVICE_FAMILY = "1,2";
			};
			name = Debug;
		};
		18ECA9382A18C9C000299625 /* Release */ = {
			isa = XCBuildConfiguration;
			buildSettings = {
				ASSETCATALOG_COMPILER_APPICON_NAME = AppIcon;
				ASSETCATALOG_COMPILER_GLOBAL_ACCENT_COLOR_NAME = AccentColor;
				CODE_SIGN_STYLE = Automatic;
				CURRENT_PROJECT_VERSION = 1;
				DEVELOPMENT_ASSET_PATHS = "\"TwittrArb/Preview Content\"";
				ENABLE_PREVIEWS = YES;
				GENERATE_INFOPLIST_FILE = YES;
				INFOPLIST_KEY_UIApplicationSceneManifest_Generation = YES;
				INFOPLIST_KEY_UIApplicationSupportsIndirectInputEvents = YES;
				INFOPLIST_KEY_UILaunchScreen_Generation = YES;
				INFOPLIST_KEY_UISupportedInterfaceOrientations_iPad = "UIInterfaceOrientationPortrait UIInterfaceOrientationPortraitUpsideDown UIInterfaceOrientationLandscapeLeft UIInterfaceOrientationLandscapeRight";
				INFOPLIST_KEY_UISupportedInterfaceOrientations_iPhone = "UIInterfaceOrientationPortrait UIInterfaceOrientationLandscapeLeft UIInterfaceOrientationLandscapeRight";
				IPHONEOS_DEPLOYMENT_TARGET = 16.4;
				LD_RUNPATH_SEARCH_PATHS = (
					"$(inherited)",
					"@executable_path/Frameworks",
				);
				MARKETING_VERSION = 1.0;
				PRODUCT_BUNDLE_IDENTIFIER = com.example.TwittrArb;
				PRODUCT_NAME = "$(TARGET_NAME)";
				SWIFT_EMIT_LOC_STRINGS = YES;
				SWIFT_VERSION = 5.0;
				TARGETED_DEVICE_FAMILY = "1,2";
			};
			name = Release;
		};
/* End XCBuildConfiguration section */

/* Begin XCConfigurationList section */
		18ECA9232A18C9BF00299625 /* Build configuration list for PBXProject "TwittrArb" */ = {
			isa = XCConfigurationList;
			buildConfigurations = (
				18ECA9342A18C9C000299625 /* Debug */,
				18ECA9352A18C9C000299625 /* Release */,
			);
			defaultConfigurationIsVisible = 0;
			defaultConfigurationName = Release;
		};
		18ECA9362A18C9C000299625 /* Build configuration list for PBXNativeTarget "TwittrArb" */ = {
			isa = XCConfigurationList;
			buildConfigurations = (
				18ECA9372A18C9C000299625 /* Debug */,
				18ECA9382A18C9C000299625 /* Release */,
			);
			defaultConfigurationIsVisible = 0;
			defaultConfigurationName = Release;
		};
/* End XCConfigurationList section */

/* Begin XCRemoteSwiftPackageReference section */
		18EA3CCF2A190D9200CDBE90 /* XCRemoteSwiftPackageReference "YouTubePlayerKit" */ = {
			isa = XCRemoteSwiftPackageReference;
			repositoryURL = "https://github.com/SvenTiigi/YouTubePlayerKit.git";
			requirement = {
				kind = upToNextMajorVersion;
				minimumVersion = 1.0.0;
			};
		};
/* End XCRemoteSwiftPackageReference section */

/* Begin XCSwiftPackageProductDependency section */
		18EA3CD02A190D9200CDBE90 /* YouTubePlayerKit */ = {
			isa = XCSwiftPackageProductDependency;
			package = 18EA3CCF2A190D9200CDBE90 /* XCRemoteSwiftPackageReference "YouTubePlayerKit" */;
			productName = YouTubePlayerKit;
		};
/* End XCSwiftPackageProductDependency section */
	};
	rootObject = 18ECA9202A18C9BF00299625 /* Project object */;
}
